
Microsoft Visual Studio Solution File, Format Version 12.00
# Visual Studio Version 17
VisualStudioVersion = 17.9.34728.123
MinimumVisualStudioVersion = 10.0.40219.1
Project("{FAE04EC0-301F-11D3-BF4B-00C04F79EFBC}") = "CrudWebAppConsumingAPI", "CrudWebAppConsumingAPI\CrudWebAppConsumingAPI.csproj", "{CD8C7E72-E22C-465A-84DF-B6F51A708DEF}"
EndProject
Global
	GlobalSection(SolutionConfigurationPlatforms) = preSolution
		Debug|Any CPU = Debug|Any CPU
		Release|Any CPU = Release|Any CPU
	EndGlobalSection
	GlobalSection(ProjectConfigurationPlatforms) = postSolution
		{CD8C7E72-E22C-465A-84DF-B6F51A708DEF}.Debug|Any CPU.ActiveCfg = Debug|Any CPU
		{CD8C7E72-E22C-465A-84DF-B6F51A708DEF}.Debug|Any CPU.Build.0 = Debug|Any CPU
		{CD8C7E72-E22C-465A-84DF-B6F51A708DEF}.Release|Any CPU.ActiveCfg = Release|Any CPU
		{CD8C7E72-E22C-465A-84DF-B6F51A708DEF}.Release|Any CPU.Build.0 = Release|Any CPU
	EndGlobalSection
	GlobalSection(SolutionProperties) = preSolution
		HideSolutionNode = FALSE
	EndGlobalSection
	GlobalSection(ExtensibilityGlobals) = postSolution
		SolutionGuid = {50A976DB-DB52-4C56-9925-8DC1CB591090}
	EndGlobalSection
EndGlobal
