
Microsoft Visual Studio Solution File, Format Version 12.00
# Visual Studio Version 17
VisualStudioVersion = 17.9.34728.123
MinimumVisualStudioVersion = 10.0.40219.1
Project("{FAE04EC0-301F-11D3-BF4B-00C04F79EFBC}") = "UsingJQueryInASP", "UsingJQueryInASP\UsingJQueryInASP.csproj", "{53A6C9B8-D283-4AB1-94F9-BE7673E4496A}"
EndProject
Global
	GlobalSection(SolutionConfigurationPlatforms) = preSolution
		Debug|Any CPU = Debug|Any CPU
		Release|Any CPU = Release|Any CPU
	EndGlobalSection
	GlobalSection(ProjectConfigurationPlatforms) = postSolution
		{53A6C9B8-D283-4AB1-94F9-BE7673E4496A}.Debug|Any CPU.ActiveCfg = Debug|Any CPU
		{53A6C9B8-D283-4AB1-94F9-BE7673E4496A}.Debug|Any CPU.Build.0 = Debug|Any CPU
		{53A6C9B8-D283-4AB1-94F9-BE7673E4496A}.Release|Any CPU.ActiveCfg = Release|Any CPU
		{53A6C9B8-D283-4AB1-94F9-BE7673E4496A}.Release|Any CPU.Build.0 = Release|Any CPU
	EndGlobalSection
	GlobalSection(SolutionProperties) = preSolution
		HideSolutionNode = FALSE
	EndGlobalSection
	GlobalSection(ExtensibilityGlobals) = postSolution
		SolutionGuid = {1CAD4460-A916-422C-A708-616A4F9CCCDD}
	EndGlobalSection
EndGlobal
